
Microsoft Visual Studio Solution File, Format Version 12.00
# Visual Studio Version 17
VisualStudioVersion = 17.7.34221.43
MinimumVisualStudioVersion = 10.0.40219.1
Project("{8BC9CEB8-8B4A-11D0-8D11-00A0C91BC942}") = "QtWidgetsApplication1", "QtWidgetsApplication1\QtWidgetsApplication1.vcxproj", "{8A6FF7BC-E090-4C6D-B6A4-6626FDA03CBA}"
EndProject
Global
	GlobalSection(SolutionConfigurationPlatforms) = preSolution
		Debug|x64 = Debug|x64
		Release|x64 = Release|x64
	EndGlobalSection
	GlobalSection(ProjectConfigurationPlatforms) = postSolution
		{8A6FF7BC-E090-4C6D-B6A4-6626FDA03CBA}.Debug|x64.ActiveCfg = Debug|x64
		{8A6FF7BC-E090-4C6D-B6A4-6626FDA03CBA}.Debug|x64.Build.0 = Debug|x64
		{8A6FF7BC-E090-4C6D-B6A4-6626FDA03CBA}.Release|x64.ActiveCfg = Release|x64
		{8A6FF7BC-E090-4C6D-B6A4-6626FDA03CBA}.Release|x64.Build.0 = Release|x64
	EndGlobalSection
	GlobalSection(SolutionProperties) = preSolution
		HideSolutionNode = FALSE
	EndGlobalSection
	GlobalSection(ExtensibilityGlobals) = postSolution
		SolutionGuid = {AE823D44-BB0F-448E-81F2-D7CECD3447D9}
	EndGlobalSection
EndGlobal
